// !$*UTF8*$!
{
  archiveVersion = 1;
  classes = {};
  objectVersion = 56;
  objects = {
    A00000000000000000000001 = {isa = PBXBuildFile; fileRef = A00000000000000000000011; };
    A00000000000000000000002 = {isa = PBXBuildFile; fileRef = A00000000000000000000012; };
    A00000000000000000000003 = {isa = PBXBuildFile; fileRef = A00000000000000000000013; };
    A00000000000000000000004 = {isa = PBXBuildFile; fileRef = A00000000000000000000014; };
    A00000000000000000000005 = {isa = PBXBuildFile; fileRef = A00000000000000000000015; };
    A00000000000000000000006 = {isa = PBXBuildFile; fileRef = A00000000000000000000016; };
    A00000000000000000000007 = {isa = PBXBuildFile; fileRef = A00000000000000000000017; };
    A00000000000000000000008 = {isa = PBXBuildFile; fileRef = A00000000000000000000018; };
    A00000000000000000000009 = {isa = PBXBuildFile; fileRef = A00000000000000000000019; };
    A0000000000000000000000A = {isa = PBXBuildFile; fileRef = A0000000000000000000001A; };
    A0000000000000000000000B = {isa = PBXBuildFile; fileRef = A0000000000000000000001B; };
    A0000000000000000000000C = {isa = PBXBuildFile; fileRef = A0000000000000000000001C; };
    A0000000000000000000000D = {isa = PBXBuildFile; productRef = A00000000000000000000071; };
    A0000000000000000000000E = {isa = PBXBuildFile; productRef = A00000000000000000000072; };
    A0000000000000000000000F = {isa = PBXBuildFile; fileRef = A0000000000000000000001C; };
    A00000000000000000000010 = {isa = PBXBuildFile; fileRef = A0000000000000000000001F; };
    A00000000000000000000020 = {isa = PBXBuildFile; productRef = A00000000000000000000073; };
    A00000000000000000000011 = {isa = PBXFileReference; lastKnownFileType = sourcecode.swift; path = AppSupport.swift; sourceTree = "<group>"; };
    A00000000000000000000012 = {isa = PBXFileReference; lastKnownFileType = sourcecode.swift; path = EntryRecord.swift; sourceTree = "<group>"; };
    A00000000000000000000013 = {isa = PBXFileReference; lastKnownFileType = sourcecode.swift; path = ImageStore.swift; sourceTree = "<group>"; };
    A00000000000000000000014 = {isa = PBXFileReference; lastKnownFileType = sourcecode.swift; path = EntryStore.swift; sourceTree = "<group>"; };
    A00000000000000000000015 = {isa = PBXFileReference; lastKnownFileType = sourcecode.swift; path = ModelImporter.swift; sourceTree = "<group>"; };
    A00000000000000000000016 = {isa = PBXFileReference; lastKnownFileType = sourcecode.swift; path = InferenceService.swift; sourceTree = "<group>"; };
    A00000000000000000000017 = {isa = PBXFileReference; lastKnownFileType = sourcecode.swift; path = NewEntryViewModel.swift; sourceTree = "<group>"; };
    A00000000000000000000018 = {isa = PBXFileReference; lastKnownFileType = sourcecode.swift; path = GITimelineApp.swift; sourceTree = "<group>"; };
    A00000000000000000000019 = {isa = PBXFileReference; lastKnownFileType = sourcecode.swift; path = NewEntryView.swift; sourceTree = "<group>"; };
    A0000000000000000000001A = {isa = PBXFileReference; lastKnownFileType = sourcecode.swift; path = HistoryView.swift; sourceTree = "<group>"; };
    A0000000000000000000001B = {isa = PBXFileReference; lastKnownFileType = text.plist.xml; path = Info.plist; sourceTree = "<group>"; };
    A0000000000000000000001C = {isa = PBXFileReference; lastKnownFileType = sourcecode.swift; path = GITimelineTests.swift; sourceTree = "<group>"; };
    A0000000000000000000001D = {isa = PBXFileReference; explicitFileType = wrapper.application; path = GITimeline.app; sourceTree = BUILT_PRODUCTS_DIR; };
    A0000000000000000000001F = {isa = PBXFileReference; lastKnownFileType = sourcecode.swift; path = PrivacyDiagnostics.swift; sourceTree = "<group>"; };
    A0000000000000000000001E = {isa = PBXFileReference; explicitFileType = wrapper.cfbundle; path = GITimelineTests.xctest; sourceTree = BUILT_PRODUCTS_DIR; };
    A00000000000000000000021 = {isa = PBXFrameworksBuildPhase; buildActionMask = 2147483647; files = (A0000000000000000000000D, A0000000000000000000000E, ); runOnlyForDeploymentPostprocessing = 0; };
    A00000000000000000000022 = {isa = PBXFrameworksBuildPhase; buildActionMask = 2147483647; files = (A00000000000000000000020, ); runOnlyForDeploymentPostprocessing = 0; };
    A00000000000000000000031 = {isa = PBXGroup; children = (A00000000000000000000032, A00000000000000000000033, A00000000000000000000034, ); sourceTree = "<group>"; };
    A00000000000000000000032 = {isa = PBXGroup; children = (A00000000000000000000011, A00000000000000000000012, A00000000000000000000013, A00000000000000000000014, A00000000000000000000015, A00000000000000000000016, A00000000000000000000017, A00000000000000000000018, A00000000000000000000019, A0000000000000000000001A, A0000000000000000000001B, A0000000000000000000001F, ); path = GITimeline; sourceTree = "<group>"; };
    A00000000000000000000033 = {isa = PBXGroup; children = (A0000000000000000000001C, ); path = GITimelineTests; sourceTree = "<group>"; };
    A00000000000000000000034 = {isa = PBXGroup; children = (A0000000000000000000001D, A0000000000000000000001E, ); name = Products; sourceTree = "<group>"; };
    A00000000000000000000041 = {isa = PBXNativeTarget; buildConfigurationList = A00000000000000000000061; buildPhases = (A00000000000000000000051, A00000000000000000000021, A00000000000000000000052, ); buildRules = (); dependencies = (); name = GITimeline; packageProductDependencies = (A00000000000000000000071, A00000000000000000000072, ); productName = GITimeline; productReference = A0000000000000000000001D; productType = "com.apple.product-type.application"; };
    A00000000000000000000042 = {isa = PBXNativeTarget; buildConfigurationList = A00000000000000000000062; buildPhases = (A00000000000000000000053, A00000000000000000000022, A00000000000000000000054, ); buildRules = (); dependencies = (A00000000000000000000081, ); name = GITimelineTests; packageProductDependencies = (A00000000000000000000073, ); productName = GITimelineTests; productReference = A0000000000000000000001E; productType = "com.apple.product-type.bundle.unit-test"; };
    A00000000000000000000051 = {isa = PBXSourcesBuildPhase; buildActionMask = 2147483647; files = (A00000000000000000000001, A00000000000000000000002, A00000000000000000000003, A00000000000000000000004, A00000000000000000000005, A00000000000000000000006, A00000000000000000000007, A00000000000000000000008, A00000000000000000000009, A0000000000000000000000A, A00000000000000000000010, ); runOnlyForDeploymentPostprocessing = 0; };
    A00000000000000000000052 = {isa = PBXResourcesBuildPhase; buildActionMask = 2147483647; files = (); runOnlyForDeploymentPostprocessing = 0; };
    A00000000000000000000053 = {isa = PBXSourcesBuildPhase; buildActionMask = 2147483647; files = (A0000000000000000000000F, ); runOnlyForDeploymentPostprocessing = 0; };
    A00000000000000000000054 = {isa = PBXResourcesBuildPhase; buildActionMask = 2147483647; files = (); runOnlyForDeploymentPostprocessing = 0; };
    A00000000000000000000061 = {isa = XCConfigurationList; buildConfigurations = (A00000000000000000000091, A00000000000000000000092, ); defaultConfigurationIsVisible = 0; defaultConfigurationName = Release; };
    A00000000000000000000062 = {isa = XCConfigurationList; buildConfigurations = (A00000000000000000000093, A00000000000000000000094, ); defaultConfigurationIsVisible = 0; defaultConfigurationName = Release; };
    A00000000000000000000091 = {isa = XCBuildConfiguration; buildSettings = { CLANG_ENABLE_MODULES = YES; CODE_SIGN_STYLE = Automatic; CURRENT_PROJECT_VERSION = 1; DEVELOPMENT_TEAM = ""; ENABLE_TESTABILITY = YES; GENERATE_INFOPLIST_FILE = NO; INFOPLIST_FILE = GITimeline/Info.plist; IPHONEOS_DEPLOYMENT_TARGET = 17.0; MARKETING_VERSION = 1.0; PRODUCT_BUNDLE_IDENTIFIER = com.omairmkhan.GITimeline; PRODUCT_NAME = "$(TARGET_NAME)"; SDKROOT = iphoneos; SWIFT_ACTIVE_COMPILATION_CONDITIONS = DEBUG; SWIFT_OPTIMIZATION_LEVEL = "-Onone"; SWIFT_VERSION = 5.0; TARGETED_DEVICE_FAMILY = "1"; }; name = Debug; };
    A00000000000000000000092 = {isa = XCBuildConfiguration; buildSettings = { CLANG_ENABLE_MODULES = YES; CODE_SIGN_STYLE = Automatic; CURRENT_PROJECT_VERSION = 1; DEVELOPMENT_TEAM = ""; GENERATE_INFOPLIST_FILE = NO; INFOPLIST_FILE = GITimeline/Info.plist; IPHONEOS_DEPLOYMENT_TARGET = 17.0; MARKETING_VERSION = 1.0; PRODUCT_BUNDLE_IDENTIFIER = com.omairmkhan.GITimeline; PRODUCT_NAME = "$(TARGET_NAME)"; SDKROOT = iphoneos; SWIFT_VERSION = 5.0; TARGETED_DEVICE_FAMILY = "1"; }; name = Release; };
    A00000000000000000000093 = {isa = XCBuildConfiguration; buildSettings = { BUNDLE_LOADER = "$(TEST_HOST)"; CODE_SIGN_STYLE = Automatic; GENERATE_INFOPLIST_FILE = YES; IPHONEOS_DEPLOYMENT_TARGET = 17.0; PRODUCT_BUNDLE_IDENTIFIER = com.omairmkhan.GITimelineTests; PRODUCT_NAME = "$(TARGET_NAME)"; SDKROOT = iphoneos; SWIFT_ACTIVE_COMPILATION_CONDITIONS = DEBUG; SWIFT_OPTIMIZATION_LEVEL = "-Onone"; SWIFT_VERSION = 5.0; TARGETED_DEVICE_FAMILY = "1"; TEST_HOST = "$(BUILT_PRODUCTS_DIR)/GITimeline.app/GITimeline"; }; name = Debug; };
    A00000000000000000000094 = {isa = XCBuildConfiguration; buildSettings = { BUNDLE_LOADER = "$(TEST_HOST)"; CODE_SIGN_STYLE = Automatic; GENERATE_INFOPLIST_FILE = YES; IPHONEOS_DEPLOYMENT_TARGET = 17.0; PRODUCT_BUNDLE_IDENTIFIER = com.omairmkhan.GITimelineTests; PRODUCT_NAME = "$(TARGET_NAME)"; SDKROOT = iphoneos; SWIFT_VERSION = 5.0; TARGETED_DEVICE_FAMILY = "1"; TEST_HOST = "$(BUILT_PRODUCTS_DIR)/GITimeline.app/GITimeline"; }; name = Release; };
    A00000000000000000000071 = {isa = XCSwiftPackageProductDependency; package = A000000000000000000000A1; productName = LiteRTLM; };
    A00000000000000000000072 = {isa = XCSwiftPackageProductDependency; package = A000000000000000000000A2; productName = GITimelineCore; };
    A00000000000000000000073 = {isa = XCSwiftPackageProductDependency; package = A000000000000000000000A2; productName = GITimelineCore; };
    A00000000000000000000081 = {isa = PBXTargetDependency; target = A00000000000000000000041; };
    A000000000000000000000A1 = {isa = XCRemoteSwiftPackageReference; repositoryURL = "https://github.com/google-ai-edge/LiteRT-LM.git"; requirement = { kind = revision; revision = f73637c57f0940b53da184e0d5adfc52a4e55eef; }; };
    A000000000000000000000A2 = {isa = XCLocalSwiftPackageReference; relativePath = "."; };
    A000000000000000000000B1 = {isa = PBXProject; attributes = { LastUpgradeCheck = 2600; TargetAttributes = { A00000000000000000000041 = { CreatedOnToolsVersion = 26.0; }; A00000000000000000000042 = { CreatedOnToolsVersion = 26.0; TestTargetID = A00000000000000000000041; }; }; }; buildConfigurationList = A000000000000000000000C1; compatibilityVersion = "Xcode 14.0"; developmentRegion = en; hasScannedForEncodings = 0; knownRegions = (en, Base, ); mainGroup = A00000000000000000000031; packageReferences = (A000000000000000000000A1, A000000000000000000000A2, ); productRefGroup = A00000000000000000000034; projectDirPath = ""; projectRoot = ""; targets = (A00000000000000000000041, A00000000000000000000042, ); };
    A000000000000000000000C1 = {isa = XCConfigurationList; buildConfigurations = (A000000000000000000000C2, A000000000000000000000C3, ); defaultConfigurationIsVisible = 0; defaultConfigurationName = Release; };
    A000000000000000000000C2 = {isa = XCBuildConfiguration; buildSettings = { }; name = Debug; };
    A000000000000000000000C3 = {isa = XCBuildConfiguration; buildSettings = { }; name = Release; };
  };
  rootObject = A000000000000000000000B1;
}
