// !$*UTF8*$!
{
	archiveVersion = 1;
	classes = {
	};
	objectVersion = 60;
	objects = {

/* Begin PBXBuildFile section */
		A00000000000000000000001 /* AppSupport.swift in Sources */ = {isa = PBXBuildFile; fileRef = A00000000000000000000011 /* AppSupport.swift */; };
		A00000000000000000000002 /* EntryRecord.swift in Sources */ = {isa = PBXBuildFile; fileRef = A00000000000000000000012 /* EntryRecord.swift */; };
		A00000000000000000000003 /* ImageStore.swift in Sources */ = {isa = PBXBuildFile; fileRef = A00000000000000000000013 /* ImageStore.swift */; };
		A00000000000000000000004 /* EntryStore.swift in Sources */ = {isa = PBXBuildFile; fileRef = A00000000000000000000014 /* EntryStore.swift */; };
		A00000000000000000000005 /* ModelImporter.swift in Sources */ = {isa = PBXBuildFile; fileRef = A00000000000000000000015 /* ModelImporter.swift */; };
		A00000000000000000000006 /* InferenceService.swift in Sources */ = {isa = PBXBuildFile; fileRef = A00000000000000000000016 /* InferenceService.swift */; };
		A00000000000000000000007 /* NewEntryViewModel.swift in Sources */ = {isa = PBXBuildFile; fileRef = A00000000000000000000017 /* NewEntryViewModel.swift */; };
		A00000000000000000000008 /* GITimelineApp.swift in Sources */ = {isa = PBXBuildFile; fileRef = A00000000000000000000018 /* GITimelineApp.swift */; };
		A00000000000000000000009 /* NewEntryView.swift in Sources */ = {isa = PBXBuildFile; fileRef = A00000000000000000000019 /* NewEntryView.swift */; };
		A0000000000000000000000A /* HistoryView.swift in Sources */ = {isa = PBXBuildFile; fileRef = A0000000000000000000001A /* HistoryView.swift */; };
		A0000000000000000000000D /* LiteRTLM in Frameworks */ = {isa = PBXBuildFile; productRef = A00000000000000000000071 /* LiteRTLM */; };
		A0000000000000000000000E /* GITimelineCore in Frameworks */ = {isa = PBXBuildFile; productRef = A00000000000000000000072 /* GITimelineCore */; };
		A0000000000000000000000F /* GITimelineTests.swift in Sources */ = {isa = PBXBuildFile; fileRef = A0000000000000000000001C /* GITimelineTests.swift */; };
		A00000000000000000000010 /* PrivacyDiagnostics.swift in Sources */ = {isa = PBXBuildFile; fileRef = A0000000000000000000001F /* PrivacyDiagnostics.swift */; };
		A00000000000000000000020 /* GITimelineCore in Frameworks */ = {isa = PBXBuildFile; productRef = A00000000000000000000073 /* GITimelineCore */; };
		A00000000000000000000101 /* ModelRuntime.swift in Sources */ = {isa = PBXBuildFile; fileRef = A00000000000000000000111 /* ModelRuntime.swift */; };
		A00000000000000000000102 /* DeviceInferenceLab.swift in Sources */ = {isa = PBXBuildFile; fileRef = A00000000000000000000112 /* DeviceInferenceLab.swift */; };
		A00000000000000000000103 /* ../Fixtures/synthetic-brown-clay.svg.png in Resources */ = {isa = PBXBuildFile; fileRef = A00000000000000000000113 /* ../Fixtures/synthetic-brown-clay.svg.png */; };
		A00000000000000000000104 /* ../Fixtures/synthetic-green-clay.svg.png in Resources */ = {isa = PBXBuildFile; fileRef = A00000000000000000000114 /* ../Fixtures/synthetic-green-clay.svg.png */; };
		A00000000000000000000105 /* ../Fixtures/synthetic-control-geometric.svg.png in Resources */ = {isa = PBXBuildFile; fileRef = A00000000000000000000115 /* ../Fixtures/synthetic-control-geometric.svg.png */; };
		B00000000000000000000001 /* GITimelineUITests.swift in Sources */ = {isa = PBXBuildFile; fileRef = B00000000000000000000011 /* GITimelineUITests.swift */; };
/* End PBXBuildFile section */

/* Begin PBXContainerItemProxy section */
		99C259BF301E4DC3002C76C3 /* PBXContainerItemProxy */ = {
			isa = PBXContainerItemProxy;
			containerPortal = A000000000000000000000B1 /* Project object */;
			proxyType = 1;
			remoteGlobalIDString = A00000000000000000000041;
			remoteInfo = GITimeline;
		};
		99C259C0301E4DC3002C76C3 /* PBXContainerItemProxy */ = {
			isa = PBXContainerItemProxy;
			containerPortal = A000000000000000000000B1 /* Project object */;
			proxyType = 1;
			remoteGlobalIDString = A00000000000000000000041;
			remoteInfo = GITimeline;
		};
/* End PBXContainerItemProxy section */

/* Begin PBXFileReference section */
		A00000000000000000000011 /* AppSupport.swift */ = {isa = PBXFileReference; lastKnownFileType = sourcecode.swift; path = AppSupport.swift; sourceTree = "<group>"; };
		A00000000000000000000012 /* EntryRecord.swift */ = {isa = PBXFileReference; lastKnownFileType = sourcecode.swift; path = EntryRecord.swift; sourceTree = "<group>"; };
		A00000000000000000000013 /* ImageStore.swift */ = {isa = PBXFileReference; lastKnownFileType = sourcecode.swift; path = ImageStore.swift; sourceTree = "<group>"; };
		A00000000000000000000014 /* EntryStore.swift */ = {isa = PBXFileReference; lastKnownFileType = sourcecode.swift; path = EntryStore.swift; sourceTree = "<group>"; };
		A00000000000000000000015 /* ModelImporter.swift */ = {isa = PBXFileReference; lastKnownFileType = sourcecode.swift; path = ModelImporter.swift; sourceTree = "<group>"; };
		A00000000000000000000016 /* InferenceService.swift */ = {isa = PBXFileReference; lastKnownFileType = sourcecode.swift; path = InferenceService.swift; sourceTree = "<group>"; };
		A00000000000000000000017 /* NewEntryViewModel.swift */ = {isa = PBXFileReference; lastKnownFileType = sourcecode.swift; path = NewEntryViewModel.swift; sourceTree = "<group>"; };
		A00000000000000000000018 /* GITimelineApp.swift */ = {isa = PBXFileReference; lastKnownFileType = sourcecode.swift; path = GITimelineApp.swift; sourceTree = "<group>"; };
		A00000000000000000000019 /* NewEntryView.swift */ = {isa = PBXFileReference; lastKnownFileType = sourcecode.swift; path = NewEntryView.swift; sourceTree = "<group>"; };
		A0000000000000000000001A /* HistoryView.swift */ = {isa = PBXFileReference; lastKnownFileType = sourcecode.swift; path = HistoryView.swift; sourceTree = "<group>"; };
		A0000000000000000000001B /* Info.plist */ = {isa = PBXFileReference; lastKnownFileType = text.plist.xml; path = Info.plist; sourceTree = "<group>"; };
		A0000000000000000000001C /* GITimelineTests.swift */ = {isa = PBXFileReference; lastKnownFileType = sourcecode.swift; path = GITimelineTests.swift; sourceTree = "<group>"; };
		A0000000000000000000001D /* GITimeline.app */ = {isa = PBXFileReference; explicitFileType = wrapper.application; path = GITimeline.app; sourceTree = BUILT_PRODUCTS_DIR; };
		A0000000000000000000001E /* GITimelineTests.xctest */ = {isa = PBXFileReference; explicitFileType = wrapper.cfbundle; path = GITimelineTests.xctest; sourceTree = BUILT_PRODUCTS_DIR; };
		A0000000000000000000001F /* PrivacyDiagnostics.swift */ = {isa = PBXFileReference; lastKnownFileType = sourcecode.swift; path = PrivacyDiagnostics.swift; sourceTree = "<group>"; };
		A00000000000000000000111 /* ModelRuntime.swift */ = {isa = PBXFileReference; lastKnownFileType = sourcecode.swift; path = ModelRuntime.swift; sourceTree = "<group>"; };
		A00000000000000000000112 /* DeviceInferenceLab.swift */ = {isa = PBXFileReference; lastKnownFileType = sourcecode.swift; path = DeviceInferenceLab.swift; sourceTree = "<group>"; };
		A00000000000000000000113 /* ../Fixtures/synthetic-brown-clay.svg.png */ = {isa = PBXFileReference; lastKnownFileType = image.png; path = "../Fixtures/synthetic-brown-clay.svg.png"; sourceTree = "<group>"; };
		A00000000000000000000114 /* ../Fixtures/synthetic-green-clay.svg.png */ = {isa = PBXFileReference; lastKnownFileType = image.png; path = "../Fixtures/synthetic-green-clay.svg.png"; sourceTree = "<group>"; };
		A00000000000000000000115 /* ../Fixtures/synthetic-control-geometric.svg.png */ = {isa = PBXFileReference; lastKnownFileType = image.png; path = "../Fixtures/synthetic-control-geometric.svg.png"; sourceTree = "<group>"; };
		B00000000000000000000011 /* GITimelineUITests.swift */ = {isa = PBXFileReference; lastKnownFileType = sourcecode.swift; path = GITimelineUITests.swift; sourceTree = "<group>"; };
		B00000000000000000000012 /* GITimelineUITests.xctest */ = {isa = PBXFileReference; explicitFileType = wrapper.cfbundle; path = GITimelineUITests.xctest; sourceTree = BUILT_PRODUCTS_DIR; };
/* End PBXFileReference section */

/* Begin PBXFrameworksBuildPhase section */
		A00000000000000000000021 /* Frameworks */ = {
			isa = PBXFrameworksBuildPhase;
			buildActionMask = 2147483647;
			files = (
				A0000000000000000000000D /* LiteRTLM in Frameworks */,
				A0000000000000000000000E /* GITimelineCore in Frameworks */,
			);
			runOnlyForDeploymentPostprocessing = 0;
		};
		A00000000000000000000022 /* Frameworks */ = {
			isa = PBXFrameworksBuildPhase;
			buildActionMask = 2147483647;
			files = (
				A00000000000000000000020 /* GITimelineCore in Frameworks */,
			);
			runOnlyForDeploymentPostprocessing = 0;
		};
		B00000000000000000000021 /* Frameworks */ = {
			isa = PBXFrameworksBuildPhase;
			buildActionMask = 2147483647;
			files = (
			);
			runOnlyForDeploymentPostprocessing = 0;
		};
/* End PBXFrameworksBuildPhase section */

/* Begin PBXGroup section */
		A00000000000000000000031 = {
			isa = PBXGroup;
			children = (
				A00000000000000000000032 /* GITimeline */,
				A00000000000000000000033 /* GITimelineTests */,
				B00000000000000000000031 /* GITimelineUITests */,
				A00000000000000000000034 /* Products */,
			);
			sourceTree = "<group>";
		};
		A00000000000000000000032 /* GITimeline */ = {
			isa = PBXGroup;
			children = (
				A00000000000000000000011 /* AppSupport.swift */,
				A00000000000000000000012 /* EntryRecord.swift */,
				A00000000000000000000013 /* ImageStore.swift */,
				A00000000000000000000014 /* EntryStore.swift */,
				A00000000000000000000015 /* ModelImporter.swift */,
				A00000000000000000000016 /* InferenceService.swift */,
				A00000000000000000000017 /* NewEntryViewModel.swift */,
				A00000000000000000000018 /* GITimelineApp.swift */,
				A00000000000000000000019 /* NewEntryView.swift */,
				A0000000000000000000001A /* HistoryView.swift */,
				A0000000000000000000001B /* Info.plist */,
				A0000000000000000000001F /* PrivacyDiagnostics.swift */,
				A00000000000000000000111 /* ModelRuntime.swift */,
				A00000000000000000000112 /* DeviceInferenceLab.swift */,
				A00000000000000000000113 /* ../Fixtures/synthetic-brown-clay.svg.png */,
				A00000000000000000000114 /* ../Fixtures/synthetic-green-clay.svg.png */,
				A00000000000000000000115 /* ../Fixtures/synthetic-control-geometric.svg.png */,
			);
			path = GITimeline;
			sourceTree = "<group>";
		};
		A00000000000000000000033 /* GITimelineTests */ = {
			isa = PBXGroup;
			children = (
				A0000000000000000000001C /* GITimelineTests.swift */,
			);
			path = GITimelineTests;
			sourceTree = "<group>";
		};
		A00000000000000000000034 /* Products */ = {
			isa = PBXGroup;
			children = (
				A0000000000000000000001D /* GITimeline.app */,
				A0000000000000000000001E /* GITimelineTests.xctest */,
				B00000000000000000000012 /* GITimelineUITests.xctest */,
			);
			name = Products;
			sourceTree = "<group>";
		};
		B00000000000000000000031 /* GITimelineUITests */ = {
			isa = PBXGroup;
			children = (
				B00000000000000000000011 /* GITimelineUITests.swift */,
			);
			path = GITimelineUITests;
			sourceTree = "<group>";
		};
/* End PBXGroup section */

/* Begin PBXNativeTarget section */
		A00000000000000000000041 /* GITimeline */ = {
			isa = PBXNativeTarget;
			buildConfigurationList = A00000000000000000000061 /* Build configuration list for PBXNativeTarget "GITimeline" */;
			buildPhases = (
				A00000000000000000000051 /* Sources */,
				A00000000000000000000021 /* Frameworks */,
				A00000000000000000000052 /* Resources */,
				A00000000000000000000056 /* Embed verified Gemma E4B */,
			);
			buildRules = (
			);
			dependencies = (
			);
			name = GITimeline;
			packageProductDependencies = (
				A00000000000000000000071 /* LiteRTLM */,
				A00000000000000000000072 /* GITimelineCore */,
			);
			productName = GITimeline;
			productReference = A0000000000000000000001D /* GITimeline.app */;
			productType = "com.apple.product-type.application";
		};
		A00000000000000000000042 /* GITimelineTests */ = {
			isa = PBXNativeTarget;
			buildConfigurationList = A00000000000000000000062 /* Build configuration list for PBXNativeTarget "GITimelineTests" */;
			buildPhases = (
				A00000000000000000000053 /* Sources */,
				A00000000000000000000022 /* Frameworks */,
				A00000000000000000000054 /* Resources */,
			);
			buildRules = (
			);
			dependencies = (
				A00000000000000000000081 /* PBXTargetDependency */,
			);
			name = GITimelineTests;
			packageProductDependencies = (
				A00000000000000000000073 /* GITimelineCore */,
			);
			productName = GITimelineTests;
			productReference = A0000000000000000000001E /* GITimelineTests.xctest */;
			productType = "com.apple.product-type.bundle.unit-test";
		};
		B00000000000000000000041 /* GITimelineUITests */ = {
			isa = PBXNativeTarget;
			buildConfigurationList = B00000000000000000000061 /* Build configuration list for PBXNativeTarget "GITimelineUITests" */;
			buildPhases = (
				B00000000000000000000051 /* Sources */,
				B00000000000000000000021 /* Frameworks */,
				B00000000000000000000052 /* Resources */,
			);
			buildRules = (
			);
			dependencies = (
				B00000000000000000000081 /* PBXTargetDependency */,
			);
			name = GITimelineUITests;
			packageProductDependencies = (
			);
			productName = GITimelineUITests;
			productReference = B00000000000000000000012 /* GITimelineUITests.xctest */;
			productType = "com.apple.product-type.bundle.ui-testing";
		};
/* End PBXNativeTarget section */

/* Begin PBXProject section */
		A000000000000000000000B1 /* Project object */ = {
			isa = PBXProject;
			attributes = {
				LastUpgradeCheck = 2600;
				TargetAttributes = {
					A00000000000000000000041 = {
						CreatedOnToolsVersion = 26.0;
					};
					A00000000000000000000042 = {
						CreatedOnToolsVersion = 26.0;
						TestTargetID = A00000000000000000000041;
					};
					B00000000000000000000041 = {
						CreatedOnToolsVersion = 26.0;
						TestTargetID = A00000000000000000000041;
					};
				};
			};
			buildConfigurationList = A000000000000000000000C1 /* Build configuration list for PBXProject "GITimeline" */;
			compatibilityVersion = "Xcode 14.0";
			developmentRegion = en;
			hasScannedForEncodings = 0;
			knownRegions = (
				en,
				Base,
			);
			mainGroup = A00000000000000000000031;
			packageReferences = (
				A000000000000000000000A1 /* XCRemoteSwiftPackageReference "LiteRT-LM" */,
				A000000000000000000000A2 /* XCLocalSwiftPackageReference "." */,
			);
			productRefGroup = A00000000000000000000034 /* Products */;
			projectDirPath = "";
			projectRoot = "";
			targets = (
				A00000000000000000000041 /* GITimeline */,
				A00000000000000000000042 /* GITimelineTests */,
				B00000000000000000000041 /* GITimelineUITests */,
			);
		};
/* End PBXProject section */

/* Begin PBXResourcesBuildPhase section */
		A00000000000000000000052 /* Resources */ = {
			isa = PBXResourcesBuildPhase;
			buildActionMask = 2147483647;
			files = (
				A00000000000000000000103 /* ../Fixtures/synthetic-brown-clay.svg.png in Resources */,
				A00000000000000000000104 /* ../Fixtures/synthetic-green-clay.svg.png in Resources */,
				A00000000000000000000105 /* ../Fixtures/synthetic-control-geometric.svg.png in Resources */,
			);
			runOnlyForDeploymentPostprocessing = 0;
		};
		A00000000000000000000054 /* Resources */ = {
			isa = PBXResourcesBuildPhase;
			buildActionMask = 2147483647;
			files = (
			);
			runOnlyForDeploymentPostprocessing = 0;
		};
		B00000000000000000000052 /* Resources */ = {
			isa = PBXResourcesBuildPhase;
			buildActionMask = 2147483647;
			files = (
			);
			runOnlyForDeploymentPostprocessing = 0;
		};
/* End PBXResourcesBuildPhase section */

/* Begin PBXShellScriptBuildPhase section */
		A00000000000000000000056 /* Embed verified Gemma E4B */ = {
			isa = PBXShellScriptBuildPhase;
			buildActionMask = 2147483647;
			files = (
			);
			inputPaths = (
				"$(SRCROOT)/Scripts/EmbedGemmaE4B.sh",
				"$(GEMMA_EMBED_DEPENDENCY)",
			);
			name = "Embed verified Gemma E4B";
			outputPaths = (
				"$(GEMMA_EMBED_OUTPUT_PATH)",
				"$(GEMMA_EMBED_RECEIPT_OUTPUT_PATH)",
			);
			runOnlyForDeploymentPostprocessing = 0;
			shellPath = /bin/zsh;
			shellScript = "\"$SRCROOT/Scripts/EmbedGemmaE4B.sh\"";
		};
/* End PBXShellScriptBuildPhase section */

/* Begin PBXSourcesBuildPhase section */
		A00000000000000000000051 /* Sources */ = {
			isa = PBXSourcesBuildPhase;
			buildActionMask = 2147483647;
			files = (
				A00000000000000000000001 /* AppSupport.swift in Sources */,
				A00000000000000000000002 /* EntryRecord.swift in Sources */,
				A00000000000000000000003 /* ImageStore.swift in Sources */,
				A00000000000000000000004 /* EntryStore.swift in Sources */,
				A00000000000000000000005 /* ModelImporter.swift in Sources */,
				A00000000000000000000006 /* InferenceService.swift in Sources */,
				A00000000000000000000007 /* NewEntryViewModel.swift in Sources */,
				A00000000000000000000008 /* GITimelineApp.swift in Sources */,
				A00000000000000000000009 /* NewEntryView.swift in Sources */,
				A0000000000000000000000A /* HistoryView.swift in Sources */,
				A00000000000000000000010 /* PrivacyDiagnostics.swift in Sources */,
				A00000000000000000000101 /* ModelRuntime.swift in Sources */,
				A00000000000000000000102 /* DeviceInferenceLab.swift in Sources */,
			);
			runOnlyForDeploymentPostprocessing = 0;
		};
		A00000000000000000000053 /* Sources */ = {
			isa = PBXSourcesBuildPhase;
			buildActionMask = 2147483647;
			files = (
				A0000000000000000000000F /* GITimelineTests.swift in Sources */,
			);
			runOnlyForDeploymentPostprocessing = 0;
		};
		B00000000000000000000051 /* Sources */ = {
			isa = PBXSourcesBuildPhase;
			buildActionMask = 2147483647;
			files = (
				B00000000000000000000001 /* GITimelineUITests.swift in Sources */,
			);
			runOnlyForDeploymentPostprocessing = 0;
		};
/* End PBXSourcesBuildPhase section */

/* Begin PBXTargetDependency section */
		A00000000000000000000081 /* PBXTargetDependency */ = {
			isa = PBXTargetDependency;
			target = A00000000000000000000041 /* GITimeline */;
			targetProxy = 99C259BF301E4DC3002C76C3 /* PBXContainerItemProxy */;
		};
		B00000000000000000000081 /* PBXTargetDependency */ = {
			isa = PBXTargetDependency;
			target = A00000000000000000000041 /* GITimeline */;
			targetProxy = 99C259C0301E4DC3002C76C3 /* PBXContainerItemProxy */;
		};
/* End PBXTargetDependency section */

/* Begin XCBuildConfiguration section */
		A00000000000000000000091 /* Debug */ = {
			isa = XCBuildConfiguration;
			buildSettings = {
				APP_DISPLAY_NAME = "GI Timeline Lab";
				CLANG_ENABLE_MODULES = YES;
				CODE_SIGN_STYLE = Automatic;
				COMPRESS_PNG_FILES = NO;
				CURRENT_PROJECT_VERSION = 1;
				ENABLE_TESTABILITY = YES;
				ENABLE_USER_SCRIPT_SANDBOXING = YES;
				GEMMA_EMBED_DEPENDENCY = "$(SRCROOT)/Scripts/EmbedGemmaE4B.sh";
				GEMMA_EMBED_ENABLED = NO;
				GEMMA_EMBED_OUTPUT_PATH = "$(DERIVED_FILE_DIR)/GemmaEmbedding.model.stamp";
				GEMMA_EMBED_RECEIPT_OUTPUT_PATH = "$(DERIVED_FILE_DIR)/GemmaEmbedding.receipt.stamp";
				GENERATE_INFOPLIST_FILE = NO;
				INFOPLIST_FILE = GITimeline/Info.plist;
				IPHONEOS_DEPLOYMENT_TARGET = 17.0;
				LD_RUNPATH_SEARCH_PATHS = (
					"$(inherited)",
					"@executable_path/Frameworks",
				);
				MARKETING_VERSION = 1.0;
				PRODUCT_BUNDLE_IDENTIFIER = com.omairmkhan.GITimeline.debug;
				PRODUCT_NAME = "$(TARGET_NAME)";
				SDKROOT = iphoneos;
				SWIFT_ACTIVE_COMPILATION_CONDITIONS = DEBUG;
				SWIFT_OPTIMIZATION_LEVEL = "-Onone";
				SWIFT_VERSION = 5.0;
				TARGETED_DEVICE_FAMILY = 1;
			};
			name = Debug;
		};
		A00000000000000000000092 /* Release */ = {
			isa = XCBuildConfiguration;
			buildSettings = {
				APP_DISPLAY_NAME = "GI Timeline";
				CLANG_ENABLE_MODULES = YES;
				CODE_SIGN_STYLE = Automatic;
				CURRENT_PROJECT_VERSION = 1;
				ENABLE_USER_SCRIPT_SANDBOXING = YES;
				EXCLUDED_SOURCE_FILE_NAMES = (
					"synthetic-brown-clay.svg.png",
					"synthetic-green-clay.svg.png",
					"synthetic-control-geometric.svg.png",
				);
				GEMMA_EMBED_DEPENDENCY = "$(SRCROOT)/Scripts/EmbedGemmaE4B.sh";
				GEMMA_EMBED_ENABLED = NO;
				GEMMA_EMBED_OUTPUT_PATH = "$(DERIVED_FILE_DIR)/GemmaEmbedding.model.stamp";
				GEMMA_EMBED_RECEIPT_OUTPUT_PATH = "$(DERIVED_FILE_DIR)/GemmaEmbedding.receipt.stamp";
				GENERATE_INFOPLIST_FILE = NO;
				INFOPLIST_FILE = GITimeline/Info.plist;
				IPHONEOS_DEPLOYMENT_TARGET = 17.0;
				LD_RUNPATH_SEARCH_PATHS = (
					"$(inherited)",
					"@executable_path/Frameworks",
				);
				MARKETING_VERSION = 1.0;
				PRODUCT_BUNDLE_IDENTIFIER = com.omairmkhan.GITimeline;
				PRODUCT_NAME = "$(TARGET_NAME)";
				SDKROOT = iphoneos;
				SWIFT_VERSION = 5.0;
				TARGETED_DEVICE_FAMILY = 1;
			};
			name = Release;
		};
		A00000000000000000000095 /* Hackathon */ = {
			isa = XCBuildConfiguration;
			buildSettings = {
				APP_DISPLAY_NAME = "GI Timeline";
				CLANG_ENABLE_MODULES = YES;
				CODE_SIGN_STYLE = Automatic;
				COMPRESS_PNG_FILES = NO;
				CURRENT_PROJECT_VERSION = 1;
				ENABLE_DEBUG_DYLIB = NO;
				ENABLE_TESTABILITY = NO;
				ENABLE_USER_SCRIPT_SANDBOXING = YES;
				GEMMA_E4B_SOURCE = "$(SRCROOT)/../work/models/gemma-4-E4B-it.litertlm";
				GEMMA_EMBED_DEPENDENCY = "$(GEMMA_E4B_SOURCE)";
				GEMMA_EMBED_ENABLED = YES;
				GEMMA_EMBED_OUTPUT_PATH = "$(TARGET_BUILD_DIR)/$(UNLOCALIZED_RESOURCES_FOLDER_PATH)/EmbeddedModels/gemma-4-E4B-it.litertlm";
				GEMMA_EMBED_RECEIPT_OUTPUT_PATH = "$(TARGET_BUILD_DIR)/$(UNLOCALIZED_RESOURCES_FOLDER_PATH)/EmbeddedModels/gemma-4-E4B-it.receipt";
				GENERATE_INFOPLIST_FILE = NO;
				INFOPLIST_FILE = GITimeline/Info.plist;
				IPHONEOS_DEPLOYMENT_TARGET = 17.0;
				LD_RUNPATH_SEARCH_PATHS = (
					"$(inherited)",
					"@executable_path/Frameworks",
				);
				MARKETING_VERSION = 1.0;
				PRODUCT_BUNDLE_IDENTIFIER = com.omairmkhan.GITimeline.debug;
				PRODUCT_NAME = "$(TARGET_NAME)";
				SDKROOT = iphoneos;
				SWIFT_ACTIVE_COMPILATION_CONDITIONS = HACKATHON_EMBEDDED_GEMMA;
				SWIFT_COMPILATION_MODE = wholemodule;
				SWIFT_OPTIMIZATION_LEVEL = "-O";
				SWIFT_VERSION = 5.0;
				TARGETED_DEVICE_FAMILY = 1;
			};
			name = Hackathon;
		};
		A00000000000000000000093 /* Debug */ = {
			isa = XCBuildConfiguration;
			buildSettings = {
				BUNDLE_LOADER = "$(TEST_HOST)";
				CODE_SIGN_STYLE = Automatic;
				GENERATE_INFOPLIST_FILE = YES;
				IPHONEOS_DEPLOYMENT_TARGET = 17.0;
				PRODUCT_BUNDLE_IDENTIFIER = com.omairmkhan.GITimelineTests;
				PRODUCT_NAME = "$(TARGET_NAME)";
				SDKROOT = iphoneos;
				SWIFT_ACTIVE_COMPILATION_CONDITIONS = DEBUG;
				SWIFT_OPTIMIZATION_LEVEL = "-Onone";
				SWIFT_VERSION = 5.0;
				TARGETED_DEVICE_FAMILY = 1;
				TEST_HOST = "$(BUILT_PRODUCTS_DIR)/GITimeline.app/GITimeline";
			};
			name = Debug;
		};
		A00000000000000000000094 /* Release */ = {
			isa = XCBuildConfiguration;
			buildSettings = {
				BUNDLE_LOADER = "$(TEST_HOST)";
				CODE_SIGN_STYLE = Automatic;
				GENERATE_INFOPLIST_FILE = YES;
				IPHONEOS_DEPLOYMENT_TARGET = 17.0;
				PRODUCT_BUNDLE_IDENTIFIER = com.omairmkhan.GITimelineTests;
				PRODUCT_NAME = "$(TARGET_NAME)";
				SDKROOT = iphoneos;
				SWIFT_VERSION = 5.0;
				TARGETED_DEVICE_FAMILY = 1;
				TEST_HOST = "$(BUILT_PRODUCTS_DIR)/GITimeline.app/GITimeline";
			};
			name = Release;
		};
		A000000000000000000000C2 /* Debug */ = {
			isa = XCBuildConfiguration;
			buildSettings = {
				ARCHS = arm64;
				ONLY_ACTIVE_ARCH = YES;
			};
			name = Debug;
		};
		A000000000000000000000C3 /* Release */ = {
			isa = XCBuildConfiguration;
			buildSettings = {
			};
			name = Release;
		};
		A000000000000000000000C4 /* Hackathon */ = {
			isa = XCBuildConfiguration;
			buildSettings = {
				ARCHS = arm64;
				ONLY_ACTIVE_ARCH = YES;
			};
			name = Hackathon;
		};
		B00000000000000000000091 /* Debug */ = {
			isa = XCBuildConfiguration;
			buildSettings = {
				CODE_SIGN_STYLE = Automatic;
				GENERATE_INFOPLIST_FILE = YES;
				IPHONEOS_DEPLOYMENT_TARGET = 17.0;
				PRODUCT_BUNDLE_IDENTIFIER = com.omairmkhan.GITimelineUITests;
				PRODUCT_NAME = "$(TARGET_NAME)";
				SDKROOT = iphoneos;
				SWIFT_ACTIVE_COMPILATION_CONDITIONS = DEBUG;
				SWIFT_OPTIMIZATION_LEVEL = "-Onone";
				SWIFT_VERSION = 5.0;
				TARGETED_DEVICE_FAMILY = 1;
				TEST_TARGET_NAME = GITimeline;
			};
			name = Debug;
		};
		B00000000000000000000092 /* Release */ = {
			isa = XCBuildConfiguration;
			buildSettings = {
				CODE_SIGN_STYLE = Automatic;
				GENERATE_INFOPLIST_FILE = YES;
				IPHONEOS_DEPLOYMENT_TARGET = 17.0;
				PRODUCT_BUNDLE_IDENTIFIER = com.omairmkhan.GITimelineUITests;
				PRODUCT_NAME = "$(TARGET_NAME)";
				SDKROOT = iphoneos;
				SWIFT_VERSION = 5.0;
				TARGETED_DEVICE_FAMILY = 1;
				TEST_TARGET_NAME = GITimeline;
			};
			name = Release;
		};
/* End XCBuildConfiguration section */

/* Begin XCConfigurationList section */
		A00000000000000000000061 /* Build configuration list for PBXNativeTarget "GITimeline" */ = {
			isa = XCConfigurationList;
			buildConfigurations = (
				A00000000000000000000091 /* Debug */,
				A00000000000000000000092 /* Release */,
				A00000000000000000000095 /* Hackathon */,
			);
			defaultConfigurationIsVisible = 0;
			defaultConfigurationName = Release;
		};
		A00000000000000000000062 /* Build configuration list for PBXNativeTarget "GITimelineTests" */ = {
			isa = XCConfigurationList;
			buildConfigurations = (
				A00000000000000000000093 /* Debug */,
				A00000000000000000000094 /* Release */,
			);
			defaultConfigurationIsVisible = 0;
			defaultConfigurationName = Release;
		};
		A000000000000000000000C1 /* Build configuration list for PBXProject "GITimeline" */ = {
			isa = XCConfigurationList;
			buildConfigurations = (
				A000000000000000000000C2 /* Debug */,
				A000000000000000000000C3 /* Release */,
				A000000000000000000000C4 /* Hackathon */,
			);
			defaultConfigurationIsVisible = 0;
			defaultConfigurationName = Release;
		};
		B00000000000000000000061 /* Build configuration list for PBXNativeTarget "GITimelineUITests" */ = {
			isa = XCConfigurationList;
			buildConfigurations = (
				B00000000000000000000091 /* Debug */,
				B00000000000000000000092 /* Release */,
			);
			defaultConfigurationIsVisible = 0;
			defaultConfigurationName = Release;
		};
/* End XCConfigurationList section */

/* Begin XCLocalSwiftPackageReference section */
		A000000000000000000000A2 /* XCLocalSwiftPackageReference "." */ = {
			isa = XCLocalSwiftPackageReference;
			relativePath = .;
		};
/* End XCLocalSwiftPackageReference section */

/* Begin XCRemoteSwiftPackageReference section */
		A000000000000000000000A1 /* XCRemoteSwiftPackageReference "LiteRT-LM" */ = {
			isa = XCRemoteSwiftPackageReference;
			repositoryURL = "https://github.com/google-ai-edge/LiteRT-LM.git";
			requirement = {
				kind = revision;
				revision = f73637c57f0940b53da184e0d5adfc52a4e55eef;
			};
		};
/* End XCRemoteSwiftPackageReference section */

/* Begin XCSwiftPackageProductDependency section */
		A00000000000000000000071 /* LiteRTLM */ = {
			isa = XCSwiftPackageProductDependency;
			package = A000000000000000000000A1 /* XCRemoteSwiftPackageReference "LiteRT-LM" */;
			productName = LiteRTLM;
		};
		A00000000000000000000072 /* GITimelineCore */ = {
			isa = XCSwiftPackageProductDependency;
			package = A000000000000000000000A2 /* XCLocalSwiftPackageReference "." */;
			productName = GITimelineCore;
		};
		A00000000000000000000073 /* GITimelineCore */ = {
			isa = XCSwiftPackageProductDependency;
			package = A000000000000000000000A2 /* XCLocalSwiftPackageReference "." */;
			productName = GITimelineCore;
		};
/* End XCSwiftPackageProductDependency section */
	};
	rootObject = A000000000000000000000B1 /* Project object */;
}
